{
  "name": "@multitool-js/configmanager",
  "version": "1.0.5",
  "lockfileVersion": 2,
  "requires": true,
  "packages": {
    "": {
      "name": "@multitool-js/configmanager",
      "version": "1.0.5",
      "license": "ISC",
      "dependencies": {
        "@multitool-js/objects": "^1.2.0",
        "@multitool-js/process": "^1.0.0"
      },
      "bin": {
        "multitool-config": "scripts/main.js"
      }
    },
    "node_modules/@multitool-js/objects": {
      "version": "1.2.0",
      "resolved": "https://registry.npmjs.org/@multitool-js/objects/-/objects-1.2.0.tgz",
      "integrity": "sha512-2gJMMYXhPPYgVHSVveFuGSuIIxIvekhtapSOml9JrW6pFeCaOuJE+4GYuK4b8vdfMNno0P/huUvgY8Ll4cZ2JQ=="
    },
    "node_modules/@multitool-js/process": {
      "version": "1.0.0",
      "resolved": "https://registry.npmjs.org/@multitool-js/process/-/process-1.0.0.tgz",
      "integrity": "sha512-H/4huqXuR2dFknl1O/0oiuW9mNW9OIW/fmkhgfv/SP1hlebvbq37iY4pxMOS+sShiMXv8kXG1MrmtyWFCcoQhA=="
    }
  },
  "dependencies": {
    "@multitool-js/objects": {
      "version": "1.2.0",
      "resolved": "https://registry.npmjs.org/@multitool-js/objects/-/objects-1.2.0.tgz",
      "integrity": "sha512-2gJMMYXhPPYgVHSVveFuGSuIIxIvekhtapSOml9JrW6pFeCaOuJE+4GYuK4b8vdfMNno0P/huUvgY8Ll4cZ2JQ=="
    },
    "@multitool-js/process": {
      "version": "1.0.0",
      "resolved": "https://registry.npmjs.org/@multitool-js/process/-/process-1.0.0.tgz",
      "integrity": "sha512-H/4huqXuR2dFknl1O/0oiuW9mNW9OIW/fmkhgfv/SP1hlebvbq37iY4pxMOS+sShiMXv8kXG1MrmtyWFCcoQhA=="
    }
  }
}
