{
  "name": "@multitool-js/configmanager",
  "version": "1.0.0",
  "lockfileVersion": 1,
  "requires": true,
  "dependencies": {
    "@multitool-js/objects": {
      "version": "1.0.0",
      "resolved": "https://registry.npmjs.org/@multitool-js/objects/-/objects-1.0.0.tgz",
      "integrity": "sha512-6HJOptzzOwxql9aQ5sFNLH5qFnrPHpciaohk9/73Ja6L0dUaatCKg1dk97GICQsuDXN+ZXa8Um82VWhUrDt0Tw=="
    }
  }
}
