{
  "name": "multitool-js",
  "version": "0.2.0",
  "lockfileVersion": 1,
  "requires": true,
  "dependencies": {
    "eslint-config-tidy-octopus": {
      "version": "0.1.3",
      "resolved": "https://registry.npmjs.org/eslint-config-tidy-octopus/-/eslint-config-tidy-octopus-0.1.3.tgz",
      "integrity": "sha512-wioLxHtBCPWUId2HRfrbv7/LiY/g96ryf8gHs3l8yY4ITf0UMatWpP9p5UJ1X8dIt8JAEuTLjLRKE7dOv75RWQ==",
      "dev": true
    }
  }
}
