{
  "name": "tests",
  "version": "1.0.0",
  "lockfileVersion": 1,
  "requires": true,
  "dependencies": {
    "@multitool-js/climaker": {
      "version": "file:../CLIMaker"
    },
    "@multitool-js/configmanager": {
      "version": "file:../ConfigManager",
      "requires": {
        "@multitool-js/objects": "^1.0.0",
        "@multitool-js/process": "^1.0.0"
      },
      "dependencies": {
        "@multitool-js/objects": {
          "version": "1.0.0",
          "resolved": "https://registry.npmjs.org/@multitool-js/objects/-/objects-1.0.0.tgz",
          "integrity": "sha512-6HJOptzzOwxql9aQ5sFNLH5qFnrPHpciaohk9/73Ja6L0dUaatCKg1dk97GICQsuDXN+ZXa8Um82VWhUrDt0Tw=="
        },
        "@multitool-js/process": {
          "version": "1.0.0",
          "resolved": "https://registry.npmjs.org/@multitool-js/process/-/process-1.0.0.tgz",
          "integrity": "sha512-H/4huqXuR2dFknl1O/0oiuW9mNW9OIW/fmkhgfv/SP1hlebvbq37iY4pxMOS+sShiMXv8kXG1MrmtyWFCcoQhA=="
        }
      }
    },
    "@multitool-js/objects": {
      "version": "file:../Objects"
    }
  }
}
